
Microsoft Visual Studio Solution File, Format Version 12.00
# Visual Studio Version 17
VisualStudioVersion = 17.8.34330.188
MinimumVisualStudioVersion = 10.0.40219.1
Project("{9A19103F-16F7-4668-BE54-9A1E7A4F7556}") = "FirstKinectProject", "TP1\FirstKinectProject.csproj", "{B92C3903-4511-4C7E-91C2-B884AA10B86C}"
EndProject
Project("{9A19103F-16F7-4668-BE54-9A1E7A4F7556}") = "Model", "Model\Model.csproj", "{00E8AF6C-7B5E-455E-9D7D-88A1E1CAB436}"
EndProject
Project("{9A19103F-16F7-4668-BE54-9A1E7A4F7556}") = "KinectUtils", "KinectUtils\KinectUtils.csproj", "{132497F7-AD80-44BF-A042-8C166A4C492B}"
EndProject
Project("{9A19103F-16F7-4668-BE54-9A1E7A4F7556}") = "MyGesturesBank", "MyGesturesBank\MyGesturesBank.csproj", "{D7231652-85B9-46CC-9E28-5480F6B282D8}"
EndProject
Project("{9A19103F-16F7-4668-BE54-9A1E7A4F7556}") = "ConsoleApp", "ConsoleApp\ConsoleApp.csproj", "{20644283-0B3F-42E9-AE3F-DA5B1333EE5F}"
EndProject
Project("{FAE04EC0-301F-11D3-BF4B-00C04F79EFBC}") = "FruitNinja", "FruitNinja\FruitNinja.csproj", "{6E0B30D0-3CA0-4A6B-B6C0-8018962A68D0}"
EndProject
Global
	GlobalSection(SolutionConfigurationPlatforms) = preSolution
		Debug|Any CPU = Debug|Any CPU
		Release|Any CPU = Release|Any CPU
	EndGlobalSection
	GlobalSection(ProjectConfigurationPlatforms) = postSolution
		{B92C3903-4511-4C7E-91C2-B884AA10B86C}.Debug|Any CPU.ActiveCfg = Debug|Any CPU
		{B92C3903-4511-4C7E-91C2-B884AA10B86C}.Debug|Any CPU.Build.0 = Debug|Any CPU
		{B92C3903-4511-4C7E-91C2-B884AA10B86C}.Release|Any CPU.ActiveCfg = Release|Any CPU
		{B92C3903-4511-4C7E-91C2-B884AA10B86C}.Release|Any CPU.Build.0 = Release|Any CPU
		{00E8AF6C-7B5E-455E-9D7D-88A1E1CAB436}.Debug|Any CPU.ActiveCfg = Debug|Any CPU
		{00E8AF6C-7B5E-455E-9D7D-88A1E1CAB436}.Debug|Any CPU.Build.0 = Debug|Any CPU
		{00E8AF6C-7B5E-455E-9D7D-88A1E1CAB436}.Release|Any CPU.ActiveCfg = Release|Any CPU
		{00E8AF6C-7B5E-455E-9D7D-88A1E1CAB436}.Release|Any CPU.Build.0 = Release|Any CPU
		{132497F7-AD80-44BF-A042-8C166A4C492B}.Debug|Any CPU.ActiveCfg = Debug|Any CPU
		{132497F7-AD80-44BF-A042-8C166A4C492B}.Debug|Any CPU.Build.0 = Debug|Any CPU
		{132497F7-AD80-44BF-A042-8C166A4C492B}.Release|Any CPU.ActiveCfg = Release|Any CPU
		{132497F7-AD80-44BF-A042-8C166A4C492B}.Release|Any CPU.Build.0 = Release|Any CPU
		{D7231652-85B9-46CC-9E28-5480F6B282D8}.Debug|Any CPU.ActiveCfg = Debug|Any CPU
		{D7231652-85B9-46CC-9E28-5480F6B282D8}.Debug|Any CPU.Build.0 = Debug|Any CPU
		{D7231652-85B9-46CC-9E28-5480F6B282D8}.Release|Any CPU.ActiveCfg = Release|Any CPU
		{D7231652-85B9-46CC-9E28-5480F6B282D8}.Release|Any CPU.Build.0 = Release|Any CPU
		{20644283-0B3F-42E9-AE3F-DA5B1333EE5F}.Debug|Any CPU.ActiveCfg = Debug|Any CPU
		{20644283-0B3F-42E9-AE3F-DA5B1333EE5F}.Debug|Any CPU.Build.0 = Debug|Any CPU
		{20644283-0B3F-42E9-AE3F-DA5B1333EE5F}.Release|Any CPU.ActiveCfg = Release|Any CPU
		{20644283-0B3F-42E9-AE3F-DA5B1333EE5F}.Release|Any CPU.Build.0 = Release|Any CPU
		{6E0B30D0-3CA0-4A6B-B6C0-8018962A68D0}.Debug|Any CPU.ActiveCfg = Debug|Any CPU
		{6E0B30D0-3CA0-4A6B-B6C0-8018962A68D0}.Debug|Any CPU.Build.0 = Debug|Any CPU
		{6E0B30D0-3CA0-4A6B-B6C0-8018962A68D0}.Release|Any CPU.ActiveCfg = Release|Any CPU
		{6E0B30D0-3CA0-4A6B-B6C0-8018962A68D0}.Release|Any CPU.Build.0 = Release|Any CPU
	EndGlobalSection
	GlobalSection(SolutionProperties) = preSolution
		HideSolutionNode = FALSE
	EndGlobalSection
	GlobalSection(ExtensibilityGlobals) = postSolution
		SolutionGuid = {8E03D1C8-585C-48D3-B6C9-848931C654D5}
	EndGlobalSection
EndGlobal
